
Microsoft Visual Studio Solution File, Format Version 12.00
# Visual Studio Version 17
VisualStudioVersion = 17.4.33213.308
MinimumVisualStudioVersion = 10.0.40219.1
Project("{9A19103F-16F7-4668-BE54-9A1E7A4F7556}") = "RAP", "RAPLibrary\RAP.csproj", "{72CA6959-C33F-40D2-A152-9C2AE6AA6D55}"
EndProject
Project("{9A19103F-16F7-4668-BE54-9A1E7A4F7556}") = "WpfAppForms", "WpfAppForms\WpfAppForms.csproj", "{8A87DF58-01C8-4CEA-82DE-9A7DD6117757}"
EndProject
Global
	GlobalSection(SolutionConfigurationPlatforms) = preSolution
		Debug|Any CPU = Debug|Any CPU
		Release|Any CPU = Release|Any CPU
	EndGlobalSection
	GlobalSection(ProjectConfigurationPlatforms) = postSolution
		{72CA6959-C33F-40D2-A152-9C2AE6AA6D55}.Debug|Any CPU.ActiveCfg = Debug|Any CPU
		{72CA6959-C33F-40D2-A152-9C2AE6AA6D55}.Debug|Any CPU.Build.0 = Debug|Any CPU
		{72CA6959-C33F-40D2-A152-9C2AE6AA6D55}.Release|Any CPU.ActiveCfg = Release|Any CPU
		{72CA6959-C33F-40D2-A152-9C2AE6AA6D55}.Release|Any CPU.Build.0 = Release|Any CPU
		{8A87DF58-01C8-4CEA-82DE-9A7DD6117757}.Debug|Any CPU.ActiveCfg = Debug|Any CPU
		{8A87DF58-01C8-4CEA-82DE-9A7DD6117757}.Debug|Any CPU.Build.0 = Debug|Any CPU
		{8A87DF58-01C8-4CEA-82DE-9A7DD6117757}.Release|Any CPU.ActiveCfg = Release|Any CPU
		{8A87DF58-01C8-4CEA-82DE-9A7DD6117757}.Release|Any CPU.Build.0 = Release|Any CPU
	EndGlobalSection
	GlobalSection(SolutionProperties) = preSolution
		HideSolutionNode = FALSE
	EndGlobalSection
	GlobalSection(ExtensibilityGlobals) = postSolution
		SolutionGuid = {E5B52F4F-98BE-4F8E-970D-5869EE0499EC}
	EndGlobalSection
EndGlobal
